
Microsoft Visual Studio Solution File, Format Version 12.00
# Visual Studio Version 17
VisualStudioVersion = 17.8.34525.116
MinimumVisualStudioVersion = 10.0.40219.1
Project("{FAE04EC0-301F-11D3-BF4B-00C04F79EFBC}") = "SalesWebMvc", "SalesWebMvc\SalesWebMvc.csproj", "{F48D9363-011A-4141-9171-A60B4CBB2046}"
EndProject
Global
	GlobalSection(SolutionConfigurationPlatforms) = preSolution
		Debug|Any CPU = Debug|Any CPU
		Release|Any CPU = Release|Any CPU
	EndGlobalSection
	GlobalSection(ProjectConfigurationPlatforms) = postSolution
		{F48D9363-011A-4141-9171-A60B4CBB2046}.Debug|Any CPU.ActiveCfg = Debug|Any CPU
		{F48D9363-011A-4141-9171-A60B4CBB2046}.Debug|Any CPU.Build.0 = Debug|Any CPU
		{F48D9363-011A-4141-9171-A60B4CBB2046}.Release|Any CPU.ActiveCfg = Release|Any CPU
		{F48D9363-011A-4141-9171-A60B4CBB2046}.Release|Any CPU.Build.0 = Release|Any CPU
	EndGlobalSection
	GlobalSection(SolutionProperties) = preSolution
		HideSolutionNode = FALSE
	EndGlobalSection
	GlobalSection(ExtensibilityGlobals) = postSolution
		SolutionGuid = {5D1FF141-FB1C-43F0-8ED2-CEF9D77FB97F}
	EndGlobalSection
EndGlobal
